
[[dependencies]]
name = "forge-std"
version = "1.9.1"
source = "https://soldeer-revisions.s3.amazonaws.com/forge-std/v1_9_1_03-07-2024_14:44:59_forge-std-v1.9.1.zip"
checksum = "110b35ad3604d91a919c521c71206c18cd07b29c750bd90b5cbbaf37288c9636"

[[dependencies]]
name = "@openzeppelin-contracts"
version = "5.0.2"
source = "https://soldeer-revisions.s3.amazonaws.com/@openzeppelin-contracts/5_0_2_14-03-2024_06:11:59_contracts.zip"
checksum = "8bc4f0acc7c187771b878d46f7de4bfad1acad2eb5d096d9d05d34035853f5c3"

[[dependencies]]
name = "@openzeppelin-contracts-upgradeable"
version = "5.0.2"
source = "https://soldeer-revisions.s3.amazonaws.com/@openzeppelin-contracts-upgradeable/5_0_2_14-03-2024_06:12:07_contracts-upgradeable.zip"
checksum = "fb3f8db8541fc01636f91b0e7d9dd6f450f1bf7e2b4a17e96caf6e779ace8f5b"
