# @generated by Move, please check-in and do not edit manually.

[move]
version = 2
manifest_digest = "DBC84EDA3593FE68433168C819F23BA2F468E2F983AA8FEB1B9E1C8134D600E9"
deps_digest = "F8BBB0CCB2491CA29A3DF03D6F92277A4F3574266507ACD77214D37ECA3F3082"
dependencies = [
  { name = "Sui" },
]

[[move.package]]
name = "MoveStdlib"
source = { git = "https://github.com/MystenLabs/sui.git", rev = "framework/testnet", subdir = "crates/sui-framework/packages/move-stdlib" }

[[move.package]]
name = "Sui"
source = { git = "https://github.com/MystenLabs/sui.git", rev = "framework/testnet", subdir = "crates/sui-framework/packages/sui-framework" }

dependencies = [
  { name = "MoveStdlib" },
]

[move.toolchain-version]
compiler-version = "1.33.0"
edition = "2024.beta"
flavor = "sui"

[env]

[env.testnet]
chain-id = "4c78adac"
original-published-id = "0x94c2c4c224ccc8f91b5acb3c0acc9d11644d04bc19722bc59836efbdc1abe11a"
latest-published-id = "0x94c2c4c224ccc8f91b5acb3c0acc9d11644d04bc19722bc59836efbdc1abe11a"
published-version = "1"
